// !$*UTF8*$!
{
	archiveVersion = 1;
	classes = {
	};
	objectVersion = 50;
	objects = {

/* Begin PBXCopyFilesBuildPhase section */
		5FA39DBA2210D8E400F021EC /* CopyFiles */ = {
			isa = PBXCopyFilesBuildPhase;
			buildActionMask = 2147483647;
			dstPath = /usr/share/man/man1/;
			dstSubfolderSpec = 0;
			files = (
			);
			runOnlyForDeploymentPostprocessing = 1;
		};
/* End PBXCopyFilesBuildPhase section */

/* Begin PBXFileReference section */
		5FA39DBC2210D8E400F021EC /* CarND-Kidnapped-Vehicle-Project */ = {isa = PBXFileReference; explicitFileType = "compiled.mach-o.executable"; includeInIndex = 0; path = "CarND-Kidnapped-Vehicle-Project"; sourceTree = BUILT_PRODUCTS_DIR; };
		5FA39DC62210D90D00F021EC /* data */ = {isa = PBXFileReference; lastKnownFileType = folder; path = data; sourceTree = "<group>"; };
		5FA39DC72210D90D00F021EC /* cmakepatch.txt */ = {isa = PBXFileReference; fileEncoding = 4; lastKnownFileType = text; path = cmakepatch.txt; sourceTree = "<group>"; };
		5FA39DC82210D90D00F021EC /* CMakeLists.txt */ = {isa = PBXFileReference; fileEncoding = 4; lastKnownFileType = text; path = CMakeLists.txt; sourceTree = "<group>"; };
		5FA39DC92210D90D00F021EC /* install-ubuntu.sh */ = {isa = PBXFileReference; fileEncoding = 4; lastKnownFileType = text.script.sh; path = "install-ubuntu.sh"; sourceTree = "<group>"; };
		5FA39DCA2210D90D00F021EC /* clean.sh */ = {isa = PBXFileReference; fileEncoding = 4; lastKnownFileType = text.script.sh; path = clean.sh; sourceTree = "<group>"; };
		5FA39DCB2210D90D00F021EC /* README.md */ = {isa = PBXFileReference; fileEncoding = 4; lastKnownFileType = net.daringfireball.markdown; path = README.md; sourceTree = "<group>"; };
		5FA39DCC2210D90D00F021EC /* run.sh */ = {isa = PBXFileReference; fileEncoding = 4; lastKnownFileType = text.script.sh; path = run.sh; sourceTree = "<group>"; };
		5FA39DCD2210D90D00F021EC /* src */ = {isa = PBXFileReference; lastKnownFileType = folder; path = src; sourceTree = "<group>"; };
		5FA39DCE2210D90D00F021EC /* install-mac.sh */ = {isa = PBXFileReference; fileEncoding = 4; lastKnownFileType = text.script.sh; path = "install-mac.sh"; sourceTree = "<group>"; };
		5FA39DCF2210D90D00F021EC /* LICENSE */ = {isa = PBXFileReference; fileEncoding = 4; lastKnownFileType = text; path = LICENSE; sourceTree = "<group>"; };
		5FA39DD02210D90D00F021EC /* build.sh */ = {isa = PBXFileReference; fileEncoding = 4; lastKnownFileType = text.script.sh; path = build.sh; sourceTree = "<group>"; };
		5FA39DD12210D90D00F021EC /* set_git.sh */ = {isa = PBXFileReference; fileEncoding = 4; lastKnownFileType = text.script.sh; path = set_git.sh; sourceTree = "<group>"; };
/* End PBXFileReference section */

/* Begin PBXFrameworksBuildPhase section */
		5FA39DB92210D8E400F021EC /* Frameworks */ = {
			isa = PBXFrameworksBuildPhase;
			buildActionMask = 2147483647;
			files = (
			);
			runOnlyForDeploymentPostprocessing = 0;
		};
/* End PBXFrameworksBuildPhase section */

/* Begin PBXGroup section */
		5FA39DB32210D8E300F021EC = {
			isa = PBXGroup;
			children = (
				5FA39DBE2210D8E400F021EC /* CarND-Kidnapped-Vehicle-Project */,
				5FA39DBD2210D8E400F021EC /* Products */,
			);
			sourceTree = "<group>";
		};
		5FA39DBD2210D8E400F021EC /* Products */ = {
			isa = PBXGroup;
			children = (
				5FA39DBC2210D8E400F021EC /* CarND-Kidnapped-Vehicle-Project */,
			);
			name = Products;
			sourceTree = "<group>";
		};
		5FA39DBE2210D8E400F021EC /* CarND-Kidnapped-Vehicle-Project */ = {
			isa = PBXGroup;
			children = (
				5FA39DD02210D90D00F021EC /* build.sh */,
				5FA39DCA2210D90D00F021EC /* clean.sh */,
				5FA39DC82210D90D00F021EC /* CMakeLists.txt */,
				5FA39DC72210D90D00F021EC /* cmakepatch.txt */,
				5FA39DC62210D90D00F021EC /* data */,
				5FA39DCE2210D90D00F021EC /* install-mac.sh */,
				5FA39DC92210D90D00F021EC /* install-ubuntu.sh */,
				5FA39DCF2210D90D00F021EC /* LICENSE */,
				5FA39DCB2210D90D00F021EC /* README.md */,
				5FA39DCC2210D90D00F021EC /* run.sh */,
				5FA39DD12210D90D00F021EC /* set_git.sh */,
				5FA39DCD2210D90D00F021EC /* src */,
			);
			path = "CarND-Kidnapped-Vehicle-Project";
			sourceTree = "<group>";
		};
/* End PBXGroup section */

/* Begin PBXNativeTarget section */
		5FA39DBB2210D8E400F021EC /* CarND-Kidnapped-Vehicle-Project */ = {
			isa = PBXNativeTarget;
			buildConfigurationList = 5FA39DC32210D8E400F021EC /* Build configuration list for PBXNativeTarget "CarND-Kidnapped-Vehicle-Project" */;
			buildPhases = (
				5FA39DB82210D8E400F021EC /* Sources */,
				5FA39DB92210D8E400F021EC /* Frameworks */,
				5FA39DBA2210D8E400F021EC /* CopyFiles */,
			);
			buildRules = (
			);
			dependencies = (
			);
			name = "CarND-Kidnapped-Vehicle-Project";
			productName = "CarND-Kidnapped-Vehicle-Project";
			productReference = 5FA39DBC2210D8E400F021EC /* CarND-Kidnapped-Vehicle-Project */;
			productType = "com.apple.product-type.tool";
		};
/* End PBXNativeTarget section */

/* Begin PBXProject section */
		5FA39DB42210D8E300F021EC /* Project object */ = {
			isa = PBXProject;
			attributes = {
				LastUpgradeCheck = 1000;
				ORGANIZATIONNAME = "YAN Jiasheng ";
				TargetAttributes = {
					5FA39DBB2210D8E400F021EC = {
						CreatedOnToolsVersion = 10.0;
					};
				};
			};
			buildConfigurationList = 5FA39DB72210D8E300F021EC /* Build configuration list for PBXProject "CarND-Kidnapped-Vehicle-Project" */;
			compatibilityVersion = "Xcode 9.3";
			developmentRegion = en;
			hasScannedForEncodings = 0;
			knownRegions = (
				en,
			);
			mainGroup = 5FA39DB32210D8E300F021EC;
			productRefGroup = 5FA39DBD2210D8E400F021EC /* Products */;
			projectDirPath = "";
			projectRoot = "";
			targets = (
				5FA39DBB2210D8E400F021EC /* CarND-Kidnapped-Vehicle-Project */,
			);
		};
/* End PBXProject section */

/* Begin PBXSourcesBuildPhase section */
		5FA39DB82210D8E400F021EC /* Sources */ = {
			isa = PBXSourcesBuildPhase;
			buildActionMask = 2147483647;
			files = (
			);
			runOnlyForDeploymentPostprocessing = 0;
		};
/* End PBXSourcesBuildPhase section */

/* Begin XCBuildConfiguration section */
		5FA39DC12210D8E400F021EC /* Debug */ = {
			isa = XCBuildConfiguration;
			buildSettings = {
				ALWAYS_SEARCH_USER_PATHS = NO;
				CLANG_ANALYZER_NONNULL = YES;
				CLANG_ANALYZER_NUMBER_OBJECT_CONVERSION = YES_AGGRESSIVE;
				CLANG_CXX_LANGUAGE_STANDARD = "gnu++14";
				CLANG_CXX_LIBRARY = "libc++";
				CLANG_ENABLE_MODULES = YES;
				CLANG_ENABLE_OBJC_ARC = YES;
				CLANG_ENABLE_OBJC_WEAK = YES;
				CLANG_WARN_BLOCK_CAPTURE_AUTORELEASING = YES;
				CLANG_WARN_BOOL_CONVERSION = YES;
				CLANG_WARN_COMMA = YES;
				CLANG_WARN_CONSTANT_CONVERSION = YES;
				CLANG_WARN_DEPRECATED_OBJC_IMPLEMENTATIONS = YES;
				CLANG_WARN_DIRECT_OBJC_ISA_USAGE = YES_ERROR;
				CLANG_WARN_DOCUMENTATION_COMMENTS = YES;
				CLANG_WARN_EMPTY_BODY = YES;
				CLANG_WARN_ENUM_CONVERSION = YES;
				CLANG_WARN_INFINITE_RECURSION = YES;
				CLANG_WARN_INT_CONVERSION = YES;
				CLANG_WARN_NON_LITERAL_NULL_CONVERSION = YES;
				CLANG_WARN_OBJC_IMPLICIT_RETAIN_SELF = YES;
				CLANG_WARN_OBJC_LITERAL_CONVERSION = YES;
				CLANG_WARN_OBJC_ROOT_CLASS = YES_ERROR;
				CLANG_WARN_RANGE_LOOP_ANALYSIS = YES;
				CLANG_WARN_STRICT_PROTOTYPES = YES;
				CLANG_WARN_SUSPICIOUS_MOVE = YES;
				CLANG_WARN_UNGUARDED_AVAILABILITY = YES_AGGRESSIVE;
				CLANG_WARN_UNREACHABLE_CODE = YES;
				CLANG_WARN__DUPLICATE_METHOD_MATCH = YES;
				CODE_SIGN_IDENTITY = "-";
				COPY_PHASE_STRIP = NO;
				DEBUG_INFORMATION_FORMAT = dwarf;
				ENABLE_STRICT_OBJC_MSGSEND = YES;
				ENABLE_TESTABILITY = YES;
				GCC_C_LANGUAGE_STANDARD = gnu11;
				GCC_DYNAMIC_NO_PIC = NO;
				GCC_NO_COMMON_BLOCKS = YES;
				GCC_OPTIMIZATION_LEVEL = 0;
				GCC_PREPROCESSOR_DEFINITIONS = (
					"DEBUG=1",
					"$(inherited)",
				);
				GCC_WARN_64_TO_32_BIT_CONVERSION = YES;
				GCC_WARN_ABOUT_RETURN_TYPE = YES_ERROR;
				GCC_WARN_UNDECLARED_SELECTOR = YES;
				GCC_WARN_UNINITIALIZED_AUTOS = YES_AGGRESSIVE;
				GCC_WARN_UNUSED_FUNCTION = YES;
				GCC_WARN_UNUSED_VARIABLE = YES;
				MACOSX_DEPLOYMENT_TARGET = 10.13;
				MTL_ENABLE_DEBUG_INFO = INCLUDE_SOURCE;
				MTL_FAST_MATH = YES;
				ONLY_ACTIVE_ARCH = YES;
				SDKROOT = macosx;
			};
			name = Debug;
		};
		5FA39DC22210D8E400F021EC /* Release */ = {
			isa = XCBuildConfiguration;
			buildSettings = {
				ALWAYS_SEARCH_USER_PATHS = NO;
				CLANG_ANALYZER_NONNULL = YES;
				CLANG_ANALYZER_NUMBER_OBJECT_CONVERSION = YES_AGGRESSIVE;
				CLANG_CXX_LANGUAGE_STANDARD = "gnu++14";
				CLANG_CXX_LIBRARY = "libc++";
				CLANG_ENABLE_MODULES = YES;
				CLANG_ENABLE_OBJC_ARC = YES;
				CLANG_ENABLE_OBJC_WEAK = YES;
				CLANG_WARN_BLOCK_CAPTURE_AUTORELEASING = YES;
				CLANG_WARN_BOOL_CONVERSION = YES;
				CLANG_WARN_COMMA = YES;
				CLANG_WARN_CONSTANT_CONVERSION = YES;
				CLANG_WARN_DEPRECATED_OBJC_IMPLEMENTATIONS = YES;
				CLANG_WARN_DIRECT_OBJC_ISA_USAGE = YES_ERROR;
				CLANG_WARN_DOCUMENTATION_COMMENTS = YES;
				CLANG_WARN_EMPTY_BODY = YES;
				CLANG_WARN_ENUM_CONVERSION = YES;
				CLANG_WARN_INFINITE_RECURSION = YES;
				CLANG_WARN_INT_CONVERSION = YES;
				CLANG_WARN_NON_LITERAL_NULL_CONVERSION = YES;
				CLANG_WARN_OBJC_IMPLICIT_RETAIN_SELF = YES;
				CLANG_WARN_OBJC_LITERAL_CONVERSION = YES;
				CLANG_WARN_OBJC_ROOT_CLASS = YES_ERROR;
				CLANG_WARN_RANGE_LOOP_ANALYSIS = YES;
				CLANG_WARN_STRICT_PROTOTYPES = YES;
				CLANG_WARN_SUSPICIOUS_MOVE = YES;
				CLANG_WARN_UNGUARDED_AVAILABILITY = YES_AGGRESSIVE;
				CLANG_WARN_UNREACHABLE_CODE = YES;
				CLANG_WARN__DUPLICATE_METHOD_MATCH = YES;
				CODE_SIGN_IDENTITY = "-";
				COPY_PHASE_STRIP = NO;
				DEBUG_INFORMATION_FORMAT = "dwarf-with-dsym";
				ENABLE_NS_ASSERTIONS = NO;
				ENABLE_STRICT_OBJC_MSGSEND = YES;
				GCC_C_LANGUAGE_STANDARD = gnu11;
				GCC_NO_COMMON_BLOCKS = YES;
				GCC_WARN_64_TO_32_BIT_CONVERSION = YES;
				GCC_WARN_ABOUT_RETURN_TYPE = YES_ERROR;
				GCC_WARN_UNDECLARED_SELECTOR = YES;
				GCC_WARN_UNINITIALIZED_AUTOS = YES_AGGRESSIVE;
				GCC_WARN_UNUSED_FUNCTION = YES;
				GCC_WARN_UNUSED_VARIABLE = YES;
				MACOSX_DEPLOYMENT_TARGET = 10.13;
				MTL_ENABLE_DEBUG_INFO = NO;
				MTL_FAST_MATH = YES;
				SDKROOT = macosx;
			};
			name = Release;
		};
		5FA39DC42210D8E400F021EC /* Debug */ = {
			isa = XCBuildConfiguration;
			buildSettings = {
				CODE_SIGN_STYLE = Automatic;
				PRODUCT_NAME = "$(TARGET_NAME)";
			};
			name = Debug;
		};
		5FA39DC52210D8E400F021EC /* Release */ = {
			isa = XCBuildConfiguration;
			buildSettings = {
				CODE_SIGN_STYLE = Automatic;
				PRODUCT_NAME = "$(TARGET_NAME)";
			};
			name = Release;
		};
/* End XCBuildConfiguration section */

/* Begin XCConfigurationList section */
		5FA39DB72210D8E300F021EC /* Build configuration list for PBXProject "CarND-Kidnapped-Vehicle-Project" */ = {
			isa = XCConfigurationList;
			buildConfigurations = (
				5FA39DC12210D8E400F021EC /* Debug */,
				5FA39DC22210D8E400F021EC /* Release */,
			);
			defaultConfigurationIsVisible = 0;
			defaultConfigurationName = Release;
		};
		5FA39DC32210D8E400F021EC /* Build configuration list for PBXNativeTarget "CarND-Kidnapped-Vehicle-Project" */ = {
			isa = XCConfigurationList;
			buildConfigurations = (
				5FA39DC42210D8E400F021EC /* Debug */,
				5FA39DC52210D8E400F021EC /* Release */,
			);
			defaultConfigurationIsVisible = 0;
			defaultConfigurationName = Release;
		};
/* End XCConfigurationList section */
	};
	rootObject = 5FA39DB42210D8E300F021EC /* Project object */;
}
